// !$*UTF8*$!
{
	archiveVersion = 1;
	classes = {
	};
	objectVersion = 46;
	objects = {

/* Begin PBXBuildFile section */
		DC32CF841AC9A39300353137 /* Functions.swift in Sources */ = {isa = PBXBuildFile; fileRef = DC32CF831AC9A39300353137 /* Functions.swift */; };
		DCE9A4991AAE31DF00DD872C /* FileIO.h in Headers */ = {isa = PBXBuildFile; fileRef = DCE9A4981AAE31DF00DD872C /* FileIO.h */; settings = {ATTRIBUTES = (Public, ); }; };
		DCE9A49F1AAE31DF00DD872C /* FileIO.framework in Frameworks */ = {isa = PBXBuildFile; fileRef = DCE9A4931AAE31DF00DD872C /* FileIO.framework */; };
		DCE9A4A61AAE31DF00DD872C /* FileIOTests.swift in Sources */ = {isa = PBXBuildFile; fileRef = DCE9A4A51AAE31DF00DD872C /* FileIOTests.swift */; };
		DCE9A4B01AAE31FA00DD872C /* FileIn.swift in Sources */ = {isa = PBXBuildFile; fileRef = DCE9A4AF1AAE31FA00DD872C /* FileIn.swift */; };
		DCE9A4B61AAE328500DD872C /* FileOut.swift in Sources */ = {isa = PBXBuildFile; fileRef = DCE9A4B51AAE328500DD872C /* FileOut.swift */; };
		DCE9A4B81AAE328E00DD872C /* IOFlags.swift in Sources */ = {isa = PBXBuildFile; fileRef = DCE9A4B71AAE328E00DD872C /* IOFlags.swift */; };
/* End PBXBuildFile section */

/* Begin PBXContainerItemProxy section */
		DCE9A4A01AAE31DF00DD872C /* PBXContainerItemProxy */ = {
			isa = PBXContainerItemProxy;
			containerPortal = DCE9A48A1AAE31DF00DD872C /* Project object */;
			proxyType = 1;
			remoteGlobalIDString = DCE9A4921AAE31DF00DD872C;
			remoteInfo = FileIO;
		};
/* End PBXContainerItemProxy section */

/* Begin PBXFileReference section */
		DC32CF831AC9A39300353137 /* Functions.swift */ = {isa = PBXFileReference; fileEncoding = 4; lastKnownFileType = sourcecode.swift; path = Functions.swift; sourceTree = "<group>"; };
		DCE9A4931AAE31DF00DD872C /* FileIO.framework */ = {isa = PBXFileReference; explicitFileType = wrapper.framework; includeInIndex = 0; path = FileIO.framework; sourceTree = BUILT_PRODUCTS_DIR; };
		DCE9A4971AAE31DF00DD872C /* Info.plist */ = {isa = PBXFileReference; lastKnownFileType = text.plist.xml; path = Info.plist; sourceTree = "<group>"; };
		DCE9A4981AAE31DF00DD872C /* FileIO.h */ = {isa = PBXFileReference; lastKnownFileType = sourcecode.c.h; path = FileIO.h; sourceTree = "<group>"; };
		DCE9A49E1AAE31DF00DD872C /* FileIOTests.xctest */ = {isa = PBXFileReference; explicitFileType = wrapper.cfbundle; includeInIndex = 0; path = FileIOTests.xctest; sourceTree = BUILT_PRODUCTS_DIR; };
		DCE9A4A41AAE31DF00DD872C /* Info.plist */ = {isa = PBXFileReference; lastKnownFileType = text.plist.xml; path = Info.plist; sourceTree = "<group>"; };
		DCE9A4A51AAE31DF00DD872C /* FileIOTests.swift */ = {isa = PBXFileReference; lastKnownFileType = sourcecode.swift; path = FileIOTests.swift; sourceTree = "<group>"; };
		DCE9A4AF1AAE31FA00DD872C /* FileIn.swift */ = {isa = PBXFileReference; fileEncoding = 4; lastKnownFileType = sourcecode.swift; path = FileIn.swift; sourceTree = "<group>"; };
		DCE9A4B51AAE328500DD872C /* FileOut.swift */ = {isa = PBXFileReference; fileEncoding = 4; lastKnownFileType = sourcecode.swift; path = FileOut.swift; sourceTree = "<group>"; };
		DCE9A4B71AAE328E00DD872C /* IOFlags.swift */ = {isa = PBXFileReference; fileEncoding = 4; lastKnownFileType = sourcecode.swift; path = IOFlags.swift; sourceTree = "<group>"; };
/* End PBXFileReference section */

/* Begin PBXFrameworksBuildPhase section */
		DCE9A48F1AAE31DF00DD872C /* Frameworks */ = {
			isa = PBXFrameworksBuildPhase;
			buildActionMask = 2147483647;
			files = (
			);
			runOnlyForDeploymentPostprocessing = 0;
		};
		DCE9A49B1AAE31DF00DD872C /* Frameworks */ = {
			isa = PBXFrameworksBuildPhase;
			buildActionMask = 2147483647;
			files = (
				DCE9A49F1AAE31DF00DD872C /* FileIO.framework in Frameworks */,
			);
			runOnlyForDeploymentPostprocessing = 0;
		};
/* End PBXFrameworksBuildPhase section */

/* Begin PBXGroup section */
		DCE9A4891AAE31DF00DD872C = {
			isa = PBXGroup;
			children = (
				DCE9A4951AAE31DF00DD872C /* FileIO */,
				DCE9A4A21AAE31DF00DD872C /* FileIOTests */,
				DCE9A4941AAE31DF00DD872C /* Products */,
			);
			sourceTree = "<group>";
		};
		DCE9A4941AAE31DF00DD872C /* Products */ = {
			isa = PBXGroup;
			children = (
				DCE9A4931AAE31DF00DD872C /* FileIO.framework */,
				DCE9A49E1AAE31DF00DD872C /* FileIOTests.xctest */,
			);
			name = Products;
			sourceTree = "<group>";
		};
		DCE9A4951AAE31DF00DD872C /* FileIO */ = {
			isa = PBXGroup;
			children = (
				DCE9A4981AAE31DF00DD872C /* FileIO.h */,
				DCE9A4AF1AAE31FA00DD872C /* FileIn.swift */,
				DC32CF831AC9A39300353137 /* Functions.swift */,
				DCE9A4B51AAE328500DD872C /* FileOut.swift */,
				DCE9A4B71AAE328E00DD872C /* IOFlags.swift */,
				DCE9A4961AAE31DF00DD872C /* Supporting Files */,
			);
			path = FileIO;
			sourceTree = "<group>";
		};
		DCE9A4961AAE31DF00DD872C /* Supporting Files */ = {
			isa = PBXGroup;
			children = (
				DCE9A4971AAE31DF00DD872C /* Info.plist */,
			);
			name = "Supporting Files";
			sourceTree = "<group>";
		};
		DCE9A4A21AAE31DF00DD872C /* FileIOTests */ = {
			isa = PBXGroup;
			children = (
				DCE9A4A51AAE31DF00DD872C /* FileIOTests.swift */,
				DCE9A4A31AAE31DF00DD872C /* Supporting Files */,
			);
			path = FileIOTests;
			sourceTree = "<group>";
		};
		DCE9A4A31AAE31DF00DD872C /* Supporting Files */ = {
			isa = PBXGroup;
			children = (
				DCE9A4A41AAE31DF00DD872C /* Info.plist */,
			);
			name = "Supporting Files";
			sourceTree = "<group>";
		};
/* End PBXGroup section */

/* Begin PBXHeadersBuildPhase section */
		DCE9A4901AAE31DF00DD872C /* Headers */ = {
			isa = PBXHeadersBuildPhase;
			buildActionMask = 2147483647;
			files = (
				DCE9A4991AAE31DF00DD872C /* FileIO.h in Headers */,
			);
			runOnlyForDeploymentPostprocessing = 0;
		};
/* End PBXHeadersBuildPhase section */

/* Begin PBXNativeTarget section */
		DCE9A4921AAE31DF00DD872C /* FileIO */ = {
			isa = PBXNativeTarget;
			buildConfigurationList = DCE9A4A91AAE31DF00DD872C /* Build configuration list for PBXNativeTarget "FileIO" */;
			buildPhases = (
				DCE9A48E1AAE31DF00DD872C /* Sources */,
				DCE9A48F1AAE31DF00DD872C /* Frameworks */,
				DCE9A4901AAE31DF00DD872C /* Headers */,
				DCE9A4911AAE31DF00DD872C /* Resources */,
			);
			buildRules = (
			);
			dependencies = (
			);
			name = FileIO;
			productName = FileIO;
			productReference = DCE9A4931AAE31DF00DD872C /* FileIO.framework */;
			productType = "com.apple.product-type.framework";
		};
		DCE9A49D1AAE31DF00DD872C /* FileIOTests */ = {
			isa = PBXNativeTarget;
			buildConfigurationList = DCE9A4AC1AAE31DF00DD872C /* Build configuration list for PBXNativeTarget "FileIOTests" */;
			buildPhases = (
				DCE9A49A1AAE31DF00DD872C /* Sources */,
				DCE9A49B1AAE31DF00DD872C /* Frameworks */,
				DCE9A49C1AAE31DF00DD872C /* Resources */,
			);
			buildRules = (
			);
			dependencies = (
				DCE9A4A11AAE31DF00DD872C /* PBXTargetDependency */,
			);
			name = FileIOTests;
			productName = FileIOTests;
			productReference = DCE9A49E1AAE31DF00DD872C /* FileIOTests.xctest */;
			productType = "com.apple.product-type.bundle.unit-test";
		};
/* End PBXNativeTarget section */

/* Begin PBXProject section */
		DCE9A48A1AAE31DF00DD872C /* Project object */ = {
			isa = PBXProject;
			attributes = {
				LastUpgradeCheck = 0610;
				ORGANIZATIONNAME = "Brimhall Labs";
				TargetAttributes = {
					DCE9A4921AAE31DF00DD872C = {
						CreatedOnToolsVersion = 6.1.1;
					};
					DCE9A49D1AAE31DF00DD872C = {
						CreatedOnToolsVersion = 6.1.1;
					};
				};
			};
			buildConfigurationList = DCE9A48D1AAE31DF00DD872C /* Build configuration list for PBXProject "FileIO" */;
			compatibilityVersion = "Xcode 3.2";
			developmentRegion = English;
			hasScannedForEncodings = 0;
			knownRegions = (
				en,
			);
			mainGroup = DCE9A4891AAE31DF00DD872C;
			productRefGroup = DCE9A4941AAE31DF00DD872C /* Products */;
			projectDirPath = "";
			projectRoot = "";
			targets = (
				DCE9A4921AAE31DF00DD872C /* FileIO */,
				DCE9A49D1AAE31DF00DD872C /* FileIOTests */,
			);
		};
/* End PBXProject section */

/* Begin PBXResourcesBuildPhase section */
		DCE9A4911AAE31DF00DD872C /* Resources */ = {
			isa = PBXResourcesBuildPhase;
			buildActionMask = 2147483647;
			files = (
			);
			runOnlyForDeploymentPostprocessing = 0;
		};
		DCE9A49C1AAE31DF00DD872C /* Resources */ = {
			isa = PBXResourcesBuildPhase;
			buildActionMask = 2147483647;
			files = (
			);
			runOnlyForDeploymentPostprocessing = 0;
		};
/* End PBXResourcesBuildPhase section */

/* Begin PBXSourcesBuildPhase section */
		DCE9A48E1AAE31DF00DD872C /* Sources */ = {
			isa = PBXSourcesBuildPhase;
			buildActionMask = 2147483647;
			files = (
				DCE9A4B81AAE328E00DD872C /* IOFlags.swift in Sources */,
				DCE9A4B61AAE328500DD872C /* FileOut.swift in Sources */,
				DCE9A4B01AAE31FA00DD872C /* FileIn.swift in Sources */,
				DC32CF841AC9A39300353137 /* Functions.swift in Sources */,
			);
			runOnlyForDeploymentPostprocessing = 0;
		};
		DCE9A49A1AAE31DF00DD872C /* Sources */ = {
			isa = PBXSourcesBuildPhase;
			buildActionMask = 2147483647;
			files = (
				DCE9A4A61AAE31DF00DD872C /* FileIOTests.swift in Sources */,
			);
			runOnlyForDeploymentPostprocessing = 0;
		};
/* End PBXSourcesBuildPhase section */

/* Begin PBXTargetDependency section */
		DCE9A4A11AAE31DF00DD872C /* PBXTargetDependency */ = {
			isa = PBXTargetDependency;
			target = DCE9A4921AAE31DF00DD872C /* FileIO */;
			targetProxy = DCE9A4A01AAE31DF00DD872C /* PBXContainerItemProxy */;
		};
/* End PBXTargetDependency section */

/* Begin XCBuildConfiguration section */
		DCE9A4A71AAE31DF00DD872C /* Debug */ = {
			isa = XCBuildConfiguration;
			buildSettings = {
				ALWAYS_SEARCH_USER_PATHS = NO;
				CLANG_CXX_LANGUAGE_STANDARD = "gnu++0x";
				CLANG_CXX_LIBRARY = "libc++";
				CLANG_ENABLE_MODULES = YES;
				CLANG_ENABLE_OBJC_ARC = YES;
				CLANG_WARN_BOOL_CONVERSION = YES;
				CLANG_WARN_CONSTANT_CONVERSION = YES;
				CLANG_WARN_DIRECT_OBJC_ISA_USAGE = YES_ERROR;
				CLANG_WARN_EMPTY_BODY = YES;
				CLANG_WARN_ENUM_CONVERSION = YES;
				CLANG_WARN_INT_CONVERSION = YES;
				CLANG_WARN_OBJC_ROOT_CLASS = YES_ERROR;
				CLANG_WARN_UNREACHABLE_CODE = YES;
				CLANG_WARN__DUPLICATE_METHOD_MATCH = YES;
				COPY_PHASE_STRIP = NO;
				CURRENT_PROJECT_VERSION = 1;
				ENABLE_STRICT_OBJC_MSGSEND = YES;
				GCC_C_LANGUAGE_STANDARD = gnu99;
				GCC_DYNAMIC_NO_PIC = NO;
				GCC_OPTIMIZATION_LEVEL = 0;
				GCC_PREPROCESSOR_DEFINITIONS = (
					"DEBUG=1",
					"$(inherited)",
				);
				GCC_SYMBOLS_PRIVATE_EXTERN = NO;
				GCC_WARN_64_TO_32_BIT_CONVERSION = YES;
				GCC_WARN_ABOUT_RETURN_TYPE = YES_ERROR;
				GCC_WARN_UNDECLARED_SELECTOR = YES;
				GCC_WARN_UNINITIALIZED_AUTOS = YES_AGGRESSIVE;
				GCC_WARN_UNUSED_FUNCTION = YES;
				GCC_WARN_UNUSED_VARIABLE = YES;
				MACOSX_DEPLOYMENT_TARGET = 10.10;
				MTL_ENABLE_DEBUG_INFO = YES;
				ONLY_ACTIVE_ARCH = YES;
				SDKROOT = macosx;
				SWIFT_OPTIMIZATION_LEVEL = "-Onone";
				VERSIONING_SYSTEM = "apple-generic";
				VERSION_INFO_PREFIX = "";
			};
			name = Debug;
		};
		DCE9A4A81AAE31DF00DD872C /* Release */ = {
			isa = XCBuildConfiguration;
			buildSettings = {
				ALWAYS_SEARCH_USER_PATHS = NO;
				CLANG_CXX_LANGUAGE_STANDARD = "gnu++0x";
				CLANG_CXX_LIBRARY = "libc++";
				CLANG_ENABLE_MODULES = YES;
				CLANG_ENABLE_OBJC_ARC = YES;
				CLANG_WARN_BOOL_CONVERSION = YES;
				CLANG_WARN_CONSTANT_CONVERSION = YES;
				CLANG_WARN_DIRECT_OBJC_ISA_USAGE = YES_ERROR;
				CLANG_WARN_EMPTY_BODY = YES;
				CLANG_WARN_ENUM_CONVERSION = YES;
				CLANG_WARN_INT_CONVERSION = YES;
				CLANG_WARN_OBJC_ROOT_CLASS = YES_ERROR;
				CLANG_WARN_UNREACHABLE_CODE = YES;
				CLANG_WARN__DUPLICATE_METHOD_MATCH = YES;
				COPY_PHASE_STRIP = YES;
				CURRENT_PROJECT_VERSION = 1;
				DEBUG_INFORMATION_FORMAT = "dwarf-with-dsym";
				ENABLE_NS_ASSERTIONS = NO;
				ENABLE_STRICT_OBJC_MSGSEND = YES;
				GCC_C_LANGUAGE_STANDARD = gnu99;
				GCC_WARN_64_TO_32_BIT_CONVERSION = YES;
				GCC_WARN_ABOUT_RETURN_TYPE = YES_ERROR;
				GCC_WARN_UNDECLARED_SELECTOR = YES;
				GCC_WARN_UNINITIALIZED_AUTOS = YES_AGGRESSIVE;
				GCC_WARN_UNUSED_FUNCTION = YES;
				GCC_WARN_UNUSED_VARIABLE = YES;
				MACOSX_DEPLOYMENT_TARGET = 10.10;
				MTL_ENABLE_DEBUG_INFO = NO;
				SDKROOT = macosx;
				VERSIONING_SYSTEM = "apple-generic";
				VERSION_INFO_PREFIX = "";
			};
			name = Release;
		};
		DCE9A4AA1AAE31DF00DD872C /* Debug */ = {
			isa = XCBuildConfiguration;
			buildSettings = {
				CLANG_ENABLE_MODULES = YES;
				COMBINE_HIDPI_IMAGES = YES;
				DEFINES_MODULE = YES;
				DYLIB_COMPATIBILITY_VERSION = 1;
				DYLIB_CURRENT_VERSION = 1;
				DYLIB_INSTALL_NAME_BASE = "@rpath";
				FRAMEWORK_VERSION = A;
				INFOPLIST_FILE = FileIO/Info.plist;
				INSTALL_PATH = "$(LOCAL_LIBRARY_DIR)/Frameworks";
				LD_RUNPATH_SEARCH_PATHS = "$(inherited) @executable_path/../Frameworks @loader_path/Frameworks";
				PRODUCT_NAME = "$(TARGET_NAME)";
				SKIP_INSTALL = YES;
				SWIFT_OPTIMIZATION_LEVEL = "-Onone";
			};
			name = Debug;
		};
		DCE9A4AB1AAE31DF00DD872C /* Release */ = {
			isa = XCBuildConfiguration;
			buildSettings = {
				CLANG_ENABLE_MODULES = YES;
				COMBINE_HIDPI_IMAGES = YES;
				DEFINES_MODULE = YES;
				DYLIB_COMPATIBILITY_VERSION = 1;
				DYLIB_CURRENT_VERSION = 1;
				DYLIB_INSTALL_NAME_BASE = "@rpath";
				FRAMEWORK_VERSION = A;
				INFOPLIST_FILE = FileIO/Info.plist;
				INSTALL_PATH = "$(LOCAL_LIBRARY_DIR)/Frameworks";
				LD_RUNPATH_SEARCH_PATHS = "$(inherited) @executable_path/../Frameworks @loader_path/Frameworks";
				PRODUCT_NAME = "$(TARGET_NAME)";
				SKIP_INSTALL = YES;
			};
			name = Release;
		};
		DCE9A4AD1AAE31DF00DD872C /* Debug */ = {
			isa = XCBuildConfiguration;
			buildSettings = {
				COMBINE_HIDPI_IMAGES = YES;
				FRAMEWORK_SEARCH_PATHS = (
					"$(DEVELOPER_FRAMEWORKS_DIR)",
					"$(inherited)",
				);
				GCC_PREPROCESSOR_DEFINITIONS = (
					"DEBUG=1",
					"$(inherited)",
				);
				INFOPLIST_FILE = FileIOTests/Info.plist;
				LD_RUNPATH_SEARCH_PATHS = "$(inherited) @executable_path/../Frameworks @loader_path/../Frameworks";
				PRODUCT_NAME = "$(TARGET_NAME)";
			};
			name = Debug;
		};
		DCE9A4AE1AAE31DF00DD872C /* Release */ = {
			isa = XCBuildConfiguration;
			buildSettings = {
				COMBINE_HIDPI_IMAGES = YES;
				FRAMEWORK_SEARCH_PATHS = (
					"$(DEVELOPER_FRAMEWORKS_DIR)",
					"$(inherited)",
				);
				INFOPLIST_FILE = FileIOTests/Info.plist;
				LD_RUNPATH_SEARCH_PATHS = "$(inherited) @executable_path/../Frameworks @loader_path/../Frameworks";
				PRODUCT_NAME = "$(TARGET_NAME)";
			};
			name = Release;
		};
/* End XCBuildConfiguration section */

/* Begin XCConfigurationList section */
		DCE9A48D1AAE31DF00DD872C /* Build configuration list for PBXProject "FileIO" */ = {
			isa = XCConfigurationList;
			buildConfigurations = (
				DCE9A4A71AAE31DF00DD872C /* Debug */,
				DCE9A4A81AAE31DF00DD872C /* Release */,
			);
			defaultConfigurationIsVisible = 0;
			defaultConfigurationName = Release;
		};
		DCE9A4A91AAE31DF00DD872C /* Build configuration list for PBXNativeTarget "FileIO" */ = {
			isa = XCConfigurationList;
			buildConfigurations = (
				DCE9A4AA1AAE31DF00DD872C /* Debug */,
				DCE9A4AB1AAE31DF00DD872C /* Release */,
			);
			defaultConfigurationIsVisible = 0;
			defaultConfigurationName = Release;
		};
		DCE9A4AC1AAE31DF00DD872C /* Build configuration list for PBXNativeTarget "FileIOTests" */ = {
			isa = XCConfigurationList;
			buildConfigurations = (
				DCE9A4AD1AAE31DF00DD872C /* Debug */,
				DCE9A4AE1AAE31DF00DD872C /* Release */,
			);
			defaultConfigurationIsVisible = 0;
			defaultConfigurationName = Release;
		};
/* End XCConfigurationList section */
	};
	rootObject = DCE9A48A1AAE31DF00DD872C /* Project object */;
}
